lockfileVersion: '6.0'

settings:
  autoInstallPeers: true
  excludeLinksFromLockfile: false

devDependencies:
  '@tiptap/core':
    specifier: ^2.2.4
    version: 2.10.4(@tiptap/pm@2.10.4)
  openapi-typescript:
    specifier: ^7.4.4
    version: 7.4.4(typescript@5.7.2)

packages:

  /@babel/code-frame@7.26.2:
    resolution: {integrity: sha512-RJlIHRueQgwWitWgF8OdFYGZX328Ax5BCemNGlqHfplnRT9ESi8JkFlvaVYbS+UubVY6dpv87Fs2u5M29iNFVQ==}
    engines: {node: '>=6.9.0'}
    dependencies:
      '@babel/helper-validator-identifier': 7.25.9
      js-tokens: 4.0.0
      picocolors: 1.1.1
    dev: true

  /@babel/helper-validator-identifier@7.25.9:
    resolution: {integrity: sha512-Ed61U6XJc3CVRfkERJWDz4dJwKe7iLmmJsbOGu9wSloNSFttHV0I8g6UAgb7qnK5ly5bGLPd4oXZlxCdANBOWQ==}
    engines: {node: '>=6.9.0'}
    dev: true

  /@redocly/ajv@8.11.2:
    resolution: {integrity: sha512-io1JpnwtIcvojV7QKDUSIuMN/ikdOUd1ReEnUnMKGfDVridQZ31J0MmIuqwuRjWDZfmvr+Q0MqCcfHM2gTivOg==}
    dependencies:
      fast-deep-equal: 3.1.3
      json-schema-traverse: 1.0.0
      require-from-string: 2.0.2
      uri-js-replace: 1.0.1
    dev: true

  /@redocly/config@0.17.1:
    resolution: {integrity: sha512-CEmvaJuG7pm2ylQg53emPmtgm4nW2nxBgwXzbVEHpGas/lGnMyN8Zlkgiz6rPw0unASg6VW3wlz27SOL5XFHYQ==}
    dev: true

  /@redocly/openapi-core@1.26.1(supports-color@9.4.0):
    resolution: {integrity: sha512-xRuVZqMVRFzqjbUCpOTra4tbnmQMWsya996omZMV3WgD084Z6OWB3FXflhAp93E/yAmbWlWZpddw758AyoaLSw==}
    engines: {node: '>=14.19.0', npm: '>=7.0.0'}
    dependencies:
      '@redocly/ajv': 8.11.2
      '@redocly/config': 0.17.1
      colorette: 1.4.0
      https-proxy-agent: 7.0.6(supports-color@9.4.0)
      js-levenshtein: 1.1.6
      js-yaml: 4.1.0
      minimatch: 5.1.6
      node-fetch: 2.7.0
      pluralize: 8.0.0
      yaml-ast-parser: 0.0.43
    transitivePeerDependencies:
      - encoding
      - supports-color
    dev: true

  /@remirror/core-constants@3.0.0:
    resolution: {integrity: sha512-42aWfPrimMfDKDi4YegyS7x+/0tlzaqwPQCULLanv3DMIlu96KTJR0fM5isWX2UViOqlGnX6YFgqWepcX+XMNg==}
    dev: true

  /@tiptap/core@2.10.4(@tiptap/pm@2.10.4):
    resolution: {integrity: sha512-fExFRTRgb6MSpg2VvR5qO2dPTQAZWuUoU4UsBCurIVcPWcyVv4FG1YzgMyoLDKy44rebFtwUGJbfU9NzX7Q/bA==}
    peerDependencies:
      '@tiptap/pm': ^2.7.0
    dependencies:
      '@tiptap/pm': 2.10.4
    dev: true

  /@tiptap/pm@2.10.4:
    resolution: {integrity: sha512-pZ4NEkRtYoDLe0spARvXZ1N3hNv/5u6vfPdPtEbmNpoOSjSNqDC1kVM+qJY0iaCYpxbxcv7cxn3kBumcFLQpJQ==}
    dependencies:
      prosemirror-changeset: 2.2.1
      prosemirror-collab: 1.3.1
      prosemirror-commands: 1.6.2
      prosemirror-dropcursor: 1.8.1
      prosemirror-gapcursor: 1.3.2
      prosemirror-history: 1.4.1
      prosemirror-inputrules: 1.4.0
      prosemirror-keymap: 1.2.2
      prosemirror-markdown: 1.13.1
      prosemirror-menu: 1.2.4
      prosemirror-model: 1.24.1
      prosemirror-schema-basic: 1.2.3
      prosemirror-schema-list: 1.5.0
      prosemirror-state: 1.4.3
      prosemirror-tables: 1.6.1
      prosemirror-trailing-node: 3.0.0(prosemirror-model@1.24.1)(prosemirror-state@1.4.3)(prosemirror-view@1.37.1)
      prosemirror-transform: 1.10.2
      prosemirror-view: 1.37.1
    dev: true

  /@types/linkify-it@5.0.0:
    resolution: {integrity: sha512-sVDA58zAw4eWAffKOaQH5/5j3XeayukzDk+ewSsnv3p4yJEZHCCzMDiZM8e0OUrRvmpGZ85jf4yDHkHsgBNr9Q==}
    dev: true

  /@types/markdown-it@14.1.2:
    resolution: {integrity: sha512-promo4eFwuiW+TfGxhi+0x3czqTYJkG8qB17ZUJiVF10Xm7NLVRSLUsfRTU/6h1e24VvRnXCx+hG7li58lkzog==}
    dependencies:
      '@types/linkify-it': 5.0.0
      '@types/mdurl': 2.0.0
    dev: true

  /@types/mdurl@2.0.0:
    resolution: {integrity: sha512-RGdgjQUZba5p6QEFAVx2OGb8rQDL/cPRG7GiedRzMcJ1tYnUANBncjbSB1NRGwbvjcPeikRABz2nshyPk1bhWg==}
    dev: true

  /agent-base@7.1.3:
    resolution: {integrity: sha512-jRR5wdylq8CkOe6hei19GGZnxM6rBGwFl3Bg0YItGDimvjGtAvdZk4Pu6Cl4u4Igsws4a1fd1Vq3ezrhn4KmFw==}
    engines: {node: '>= 14'}
    dev: true

  /ansi-colors@4.1.3:
    resolution: {integrity: sha512-/6w/C21Pm1A7aZitlI5Ni/2J6FFQN8i1Cvz3kHABAAbw93v/NlvKdVOqz7CCWz/3iv/JplRSEEZ83XION15ovw==}
    engines: {node: '>=6'}
    dev: true

  /argparse@2.0.1:
    resolution: {integrity: sha512-8+9WqebbFzpX9OR+Wa6O29asIogeRMzcGtAINdpMHHyAg10f05aSFVBbcEqGf/PXw1EjAZ+q2/bEBg3DvurK3Q==}
    dev: true

  /balanced-match@1.0.2:
    resolution: {integrity: sha512-3oSeUO0TMV67hN1AmbXsK4yaqU7tjiHlbxRDZOpH0KW9+CeX4bRAaX0Anxt0tx2MrpRpWwQaPwIlISEJhYU5Pw==}
    dev: true

  /brace-expansion@2.0.1:
    resolution: {integrity: sha512-XnAIvQ8eM+kC6aULx6wuQiwVsnzsi9d3WxzV3FpWTGA19F621kwdbsAcFKXgKUHZWsy+mY6iL1sHTxWEFCytDA==}
    dependencies:
      balanced-match: 1.0.2
    dev: true

  /change-case@5.4.4:
    resolution: {integrity: sha512-HRQyTk2/YPEkt9TnUPbOpr64Uw3KOicFWPVBb+xiHvd6eBx/qPr9xqfBFDT8P2vWsvvz4jbEkfDe71W3VyNu2w==}
    dev: true

  /colorette@1.4.0:
    resolution: {integrity: sha512-Y2oEozpomLn7Q3HFP7dpww7AtMJplbM9lGZP6RDfHqmbeRjiwRg4n6VM6j4KLmRke85uWEI7JqF17f3pqdRA0g==}
    dev: true

  /crelt@1.0.6:
    resolution: {integrity: sha512-VQ2MBenTq1fWZUH9DJNGti7kKv6EeAuYr3cLwxUWhIu1baTaXh4Ib5W2CqHVqib4/MqbYGJqiL3Zb8GJZr3l4g==}
    dev: true

  /debug@4.4.0(supports-color@9.4.0):
    resolution: {integrity: sha512-6WTZ/IxCY/T6BALoZHaE4ctp9xm+Z5kY/pzYaCHRFeyVhojxlrm+46y68HA6hr0TcwEssoxNiDEUJQjfPZ/RYA==}
    engines: {node: '>=6.0'}
    peerDependencies:
      supports-color: '*'
    peerDependenciesMeta:
      supports-color:
        optional: true
    dependencies:
      ms: 2.1.3
      supports-color: 9.4.0
    dev: true

  /entities@4.5.0:
    resolution: {integrity: sha512-V0hjH4dGPh9Ao5p0MoRY6BVqtwCjhz6vI5LT8AJ55H+4g9/4vbHx1I54fS0XuclLhDHArPQCiMjDxjaL8fPxhw==}
    engines: {node: '>=0.12'}
    dev: true

  /escape-string-regexp@4.0.0:
    resolution: {integrity: sha512-TtpcNJ3XAzx3Gq8sWRzJaVajRs0uVxA2YAkdb1jm2YkPz4G6egUFAyA3n5vtEIZefPk5Wa4UXbKuS5fKkJWdgA==}
    engines: {node: '>=10'}
    dev: true

  /fast-deep-equal@3.1.3:
    resolution: {integrity: sha512-f3qQ9oQy9j2AhBe/H9VC91wLmKBCCU/gDOnKNAYG5hswO7BLKj09Hc5HYNz9cGI++xlpDCIgDaitVs03ATR84Q==}
    dev: true

  /https-proxy-agent@7.0.6(supports-color@9.4.0):
    resolution: {integrity: sha512-vK9P5/iUfdl95AI+JVyUuIcVtd4ofvtrOr3HNtM2yxC9bnMbEdp3x01OhQNnjb8IJYi38VlTE3mBXwcfvywuSw==}
    engines: {node: '>= 14'}
    dependencies:
      agent-base: 7.1.3
      debug: 4.4.0(supports-color@9.4.0)
    transitivePeerDependencies:
      - supports-color
    dev: true

  /index-to-position@0.1.2:
    resolution: {integrity: sha512-MWDKS3AS1bGCHLBA2VLImJz42f7bJh8wQsTGCzI3j519/CASStoDONUBVz2I/VID0MpiX3SGSnbOD2xUalbE5g==}
    engines: {node: '>=18'}
    dev: true

  /js-levenshtein@1.1.6:
    resolution: {integrity: sha512-X2BB11YZtrRqY4EnQcLX5Rh373zbK4alC1FW7D7MBhL2gtcC17cTnr6DmfHZeS0s2rTHjUTMMHfG7gO8SSdw+g==}
    engines: {node: '>=0.10.0'}
    dev: true

  /js-tokens@4.0.0:
    resolution: {integrity: sha512-RdJUflcE3cUzKiMqQgsCu06FPu9UdIJO0beYbPhHN4k6apgJtifcoCtT9bcxOpYBtpD2kCM6Sbzg4CausW/PKQ==}
    dev: true

  /js-yaml@4.1.0:
    resolution: {integrity: sha512-wpxZs9NoxZaJESJGIZTyDEaYpl0FKSA+FB9aJiyemKhMwkxQg63h4T1KJgUGHpTqPDNRcmmYLugrRjJlBtWvRA==}
    hasBin: true
    dependencies:
      argparse: 2.0.1
    dev: true

  /json-schema-traverse@1.0.0:
    resolution: {integrity: sha512-NM8/P9n3XjXhIZn1lLhkFaACTOURQXjWhV4BA/RnOv8xvgqtqpAX9IO4mRQxSx1Rlo4tqzeqb0sOlruaOy3dug==}
    dev: true

  /linkify-it@5.0.0:
    resolution: {integrity: sha512-5aHCbzQRADcdP+ATqnDuhhJ/MRIqDkZX5pyjFHRRysS8vZ5AbqGEoFIb6pYHPZ+L/OC2Lc+xT8uHVVR5CAK/wQ==}
    dependencies:
      uc.micro: 2.1.0
    dev: true

  /markdown-it@14.1.0:
    resolution: {integrity: sha512-a54IwgWPaeBCAAsv13YgmALOF1elABB08FxO9i+r4VFk5Vl4pKokRPeX8u5TCgSsPi6ec1otfLjdOpVcgbpshg==}
    hasBin: true
    dependencies:
      argparse: 2.0.1
      entities: 4.5.0
      linkify-it: 5.0.0
      mdurl: 2.0.0
      punycode.js: 2.3.1
      uc.micro: 2.1.0
    dev: true

  /mdurl@2.0.0:
    resolution: {integrity: sha512-Lf+9+2r+Tdp5wXDXC4PcIBjTDtq4UKjCPMQhKIuzpJNW0b96kVqSwW0bT7FhRSfmAiFYgP+SCRvdrDozfh0U5w==}
    dev: true

  /minimatch@5.1.6:
    resolution: {integrity: sha512-lKwV/1brpG6mBUFHtb7NUmtABCb2WZZmm2wNiOA5hAb8VdCS4B3dtMWyvcoViccwAW/COERjXLt0zP1zXUN26g==}
    engines: {node: '>=10'}
    dependencies:
      brace-expansion: 2.0.1
    dev: true

  /ms@2.1.3:
    resolution: {integrity: sha512-6FlzubTLZG3J2a/NVCAleEhjzq5oxgHyaCU9yYXvcLsvoVaHJq/s5xXI6/XXP6tz7R9xAOtHnSO/tXtF3WRTlA==}
    dev: true

  /node-fetch@2.7.0:
    resolution: {integrity: sha512-c4FRfUm/dbcWZ7U+1Wq0AwCyFL+3nt2bEw05wfxSz+DWpWsitgmSgYmy2dQdWyKC1694ELPqMs/YzUSNozLt8A==}
    engines: {node: 4.x || >=6.0.0}
    peerDependencies:
      encoding: ^0.1.0
    peerDependenciesMeta:
      encoding:
        optional: true
    dependencies:
      whatwg-url: 5.0.0
    dev: true

  /openapi-typescript@7.4.4(typescript@5.7.2):
    resolution: {integrity: sha512-7j3nktnRzlQdlHnHsrcr6Gqz8f80/RhfA2I8s1clPI+jkY0hLNmnYVKBfuUEli5EEgK1B6M+ibdS5REasPlsUw==}
    hasBin: true
    peerDependencies:
      typescript: ^5.x
    dependencies:
      '@redocly/openapi-core': 1.26.1(supports-color@9.4.0)
      ansi-colors: 4.1.3
      change-case: 5.4.4
      parse-json: 8.1.0
      supports-color: 9.4.0
      typescript: 5.7.2
      yargs-parser: 21.1.1
    transitivePeerDependencies:
      - encoding
    dev: true

  /orderedmap@2.1.1:
    resolution: {integrity: sha512-TvAWxi0nDe1j/rtMcWcIj94+Ffe6n7zhow33h40SKxmsmozs6dz/e+EajymfoFcHd7sxNn8yHM8839uixMOV6g==}
    dev: true

  /parse-json@8.1.0:
    resolution: {integrity: sha512-rum1bPifK5SSar35Z6EKZuYPJx85pkNaFrxBK3mwdfSJ1/WKbYrjoW/zTPSjRRamfmVX1ACBIdFAO0VRErW/EA==}
    engines: {node: '>=18'}
    dependencies:
      '@babel/code-frame': 7.26.2
      index-to-position: 0.1.2
      type-fest: 4.30.2
    dev: true

  /picocolors@1.1.1:
    resolution: {integrity: sha512-xceH2snhtb5M9liqDsmEw56le376mTZkEX/jEb/RxNFyegNul7eNslCXP9FDj/Lcu0X8KEyMceP2ntpaHrDEVA==}
    dev: true

  /pluralize@8.0.0:
    resolution: {integrity: sha512-Nc3IT5yHzflTfbjgqWcCPpo7DaKy4FnpB0l/zCAW0Tc7jxAiuqSxHasntB3D7887LSrA93kDJ9IXovxJYxyLCA==}
    engines: {node: '>=4'}
    dev: true

  /prosemirror-changeset@2.2.1:
    resolution: {integrity: sha512-J7msc6wbxB4ekDFj+n9gTW/jav/p53kdlivvuppHsrZXCaQdVgRghoZbSS3kwrRyAstRVQ4/+u5k7YfLgkkQvQ==}
    dependencies:
      prosemirror-transform: 1.10.2
    dev: true

  /prosemirror-collab@1.3.1:
    resolution: {integrity: sha512-4SnynYR9TTYaQVXd/ieUvsVV4PDMBzrq2xPUWutHivDuOshZXqQ5rGbZM84HEaXKbLdItse7weMGOUdDVcLKEQ==}
    dependencies:
      prosemirror-state: 1.4.3
    dev: true

  /prosemirror-commands@1.6.2:
    resolution: {integrity: sha512-0nDHH++qcf/BuPLYvmqZTUUsPJUCPBUXt0J1ErTcDIS369CTp773itzLGIgIXG4LJXOlwYCr44+Mh4ii6MP1QA==}
    dependencies:
      prosemirror-model: 1.24.1
      prosemirror-state: 1.4.3
      prosemirror-transform: 1.10.2
    dev: true

  /prosemirror-dropcursor@1.8.1:
    resolution: {integrity: sha512-M30WJdJZLyXHi3N8vxN6Zh5O8ZBbQCz0gURTfPmTIBNQ5pxrdU7A58QkNqfa98YEjSAL1HUyyU34f6Pm5xBSGw==}
    dependencies:
      prosemirror-state: 1.4.3
      prosemirror-transform: 1.10.2
      prosemirror-view: 1.37.1
    dev: true

  /prosemirror-gapcursor@1.3.2:
    resolution: {integrity: sha512-wtjswVBd2vaQRrnYZaBCbyDqr232Ed4p2QPtRIUK5FuqHYKGWkEwl08oQM4Tw7DOR0FsasARV5uJFvMZWxdNxQ==}
    dependencies:
      prosemirror-keymap: 1.2.2
      prosemirror-model: 1.24.1
      prosemirror-state: 1.4.3
      prosemirror-view: 1.37.1
    dev: true

  /prosemirror-history@1.4.1:
    resolution: {integrity: sha512-2JZD8z2JviJrboD9cPuX/Sv/1ChFng+xh2tChQ2X4bB2HeK+rra/bmJ3xGntCcjhOqIzSDG6Id7e8RJ9QPXLEQ==}
    dependencies:
      prosemirror-state: 1.4.3
      prosemirror-transform: 1.10.2
      prosemirror-view: 1.37.1
      rope-sequence: 1.3.4
    dev: true

  /prosemirror-inputrules@1.4.0:
    resolution: {integrity: sha512-6ygpPRuTJ2lcOXs9JkefieMst63wVJBgHZGl5QOytN7oSZs3Co/BYbc3Yx9zm9H37Bxw8kVzCnDsihsVsL4yEg==}
    dependencies:
      prosemirror-state: 1.4.3
      prosemirror-transform: 1.10.2
    dev: true

  /prosemirror-keymap@1.2.2:
    resolution: {integrity: sha512-EAlXoksqC6Vbocqc0GtzCruZEzYgrn+iiGnNjsJsH4mrnIGex4qbLdWWNza3AW5W36ZRrlBID0eM6bdKH4OStQ==}
    dependencies:
      prosemirror-state: 1.4.3
      w3c-keyname: 2.2.8
    dev: true

  /prosemirror-markdown@1.13.1:
    resolution: {integrity: sha512-Sl+oMfMtAjWtlcZoj/5L/Q39MpEnVZ840Xo330WJWUvgyhNmLBLN7MsHn07s53nG/KImevWHSE6fEj4q/GihHw==}
    dependencies:
      '@types/markdown-it': 14.1.2
      markdown-it: 14.1.0
      prosemirror-model: 1.24.1
    dev: true

  /prosemirror-menu@1.2.4:
    resolution: {integrity: sha512-S/bXlc0ODQup6aiBbWVsX/eM+xJgCTAfMq/nLqaO5ID/am4wS0tTCIkzwytmao7ypEtjj39i7YbJjAgO20mIqA==}
    dependencies:
      crelt: 1.0.6
      prosemirror-commands: 1.6.2
      prosemirror-history: 1.4.1
      prosemirror-state: 1.4.3
    dev: true

  /prosemirror-model@1.24.1:
    resolution: {integrity: sha512-YM053N+vTThzlWJ/AtPtF1j0ebO36nvbmDy4U7qA2XQB8JVaQp1FmB9Jhrps8s+z+uxhhVTny4m20ptUvhk0Mg==}
    dependencies:
      orderedmap: 2.1.1
    dev: true

  /prosemirror-schema-basic@1.2.3:
    resolution: {integrity: sha512-h+H0OQwZVqMon1PNn0AG9cTfx513zgIG2DY00eJ00Yvgb3UD+GQ/VlWW5rcaxacpCGT1Yx8nuhwXk4+QbXUfJA==}
    dependencies:
      prosemirror-model: 1.24.1
    dev: true

  /prosemirror-schema-list@1.5.0:
    resolution: {integrity: sha512-gg1tAfH1sqpECdhIHOA/aLg2VH3ROKBWQ4m8Qp9mBKrOxQRW61zc+gMCI8nh22gnBzd1t2u1/NPLmO3nAa3ssg==}
    dependencies:
      prosemirror-model: 1.24.1
      prosemirror-state: 1.4.3
      prosemirror-transform: 1.10.2
    dev: true

  /prosemirror-state@1.4.3:
    resolution: {integrity: sha512-goFKORVbvPuAQaXhpbemJFRKJ2aixr+AZMGiquiqKxaucC6hlpHNZHWgz5R7dS4roHiwq9vDctE//CZ++o0W1Q==}
    dependencies:
      prosemirror-model: 1.24.1
      prosemirror-transform: 1.10.2
      prosemirror-view: 1.37.1
    dev: true

  /prosemirror-tables@1.6.1:
    resolution: {integrity: sha512-p8WRJNA96jaNQjhJolmbxTzd6M4huRE5xQ8OxjvMhQUP0Nzpo4zz6TztEiwk6aoqGBhz9lxRWR1yRZLlpQN98w==}
    dependencies:
      prosemirror-keymap: 1.2.2
      prosemirror-model: 1.24.1
      prosemirror-state: 1.4.3
      prosemirror-transform: 1.10.2
      prosemirror-view: 1.37.1
    dev: true

  /prosemirror-trailing-node@3.0.0(prosemirror-model@1.24.1)(prosemirror-state@1.4.3)(prosemirror-view@1.37.1):
    resolution: {integrity: sha512-xiun5/3q0w5eRnGYfNlW1uU9W6x5MoFKWwq/0TIRgt09lv7Hcser2QYV8t4muXbEr+Fwo0geYn79Xs4GKywrRQ==}
    peerDependencies:
      prosemirror-model: ^1.22.1
      prosemirror-state: ^1.4.2
      prosemirror-view: ^1.33.8
    dependencies:
      '@remirror/core-constants': 3.0.0
      escape-string-regexp: 4.0.0
      prosemirror-model: 1.24.1
      prosemirror-state: 1.4.3
      prosemirror-view: 1.37.1
    dev: true

  /prosemirror-transform@1.10.2:
    resolution: {integrity: sha512-2iUq0wv2iRoJO/zj5mv8uDUriOHWzXRnOTVgCzSXnktS/2iQRa3UUQwVlkBlYZFtygw6Nh1+X4mGqoYBINn5KQ==}
    dependencies:
      prosemirror-model: 1.24.1
    dev: true

  /prosemirror-view@1.37.1:
    resolution: {integrity: sha512-MEAnjOdXU1InxEmhjgmEzQAikaS6lF3hD64MveTPpjOGNTl87iRLA1HupC/DEV6YuK7m4Q9DHFNTjwIVtqz5NA==}
    dependencies:
      prosemirror-model: 1.24.1
      prosemirror-state: 1.4.3
      prosemirror-transform: 1.10.2
    dev: true

  /punycode.js@2.3.1:
    resolution: {integrity: sha512-uxFIHU0YlHYhDQtV4R9J6a52SLx28BCjT+4ieh7IGbgwVJWO+km431c4yRlREUAsAmt/uMjQUyQHNEPf0M39CA==}
    engines: {node: '>=6'}
    dev: true

  /require-from-string@2.0.2:
    resolution: {integrity: sha512-Xf0nWe6RseziFMu+Ap9biiUbmplq6S9/p+7w7YXP/JBHhrUDDUhwa+vANyubuqfZWTveU//DYVGsDG7RKL/vEw==}
    engines: {node: '>=0.10.0'}
    dev: true

  /rope-sequence@1.3.4:
    resolution: {integrity: sha512-UT5EDe2cu2E/6O4igUr5PSFs23nvvukicWHx6GnOPlHAiiYbzNuCRQCuiUdHJQcqKalLKlrYJnjY0ySGsXNQXQ==}
    dev: true

  /supports-color@9.4.0:
    resolution: {integrity: sha512-VL+lNrEoIXww1coLPOmiEmK/0sGigko5COxI09KzHc2VJXJsQ37UaQ+8quuxjDeA7+KnLGTWRyOXSLLR2Wb4jw==}
    engines: {node: '>=12'}
    dev: true

  /tr46@0.0.3:
    resolution: {integrity: sha512-N3WMsuqV66lT30CrXNbEjx4GEwlow3v6rr4mCcv6prnfwhS01rkgyFdjPNBYd9br7LpXV1+Emh01fHnq2Gdgrw==}
    dev: true

  /type-fest@4.30.2:
    resolution: {integrity: sha512-UJShLPYi1aWqCdq9HycOL/gwsuqda1OISdBO3t8RlXQC4QvtuIz4b5FCfe2dQIWEpmlRExKmcTBfP1r9bhY7ig==}
    engines: {node: '>=16'}
    dev: true

  /typescript@5.7.2:
    resolution: {integrity: sha512-i5t66RHxDvVN40HfDd1PsEThGNnlMCMT3jMUuoh9/0TaqWevNontacunWyN02LA9/fIbEWlcHZcgTKb9QoaLfg==}
    engines: {node: '>=14.17'}
    hasBin: true
    dev: true

  /uc.micro@2.1.0:
    resolution: {integrity: sha512-ARDJmphmdvUk6Glw7y9DQ2bFkKBHwQHLi2lsaH6PPmz/Ka9sFOBsBluozhDltWmnv9u/cF6Rt87znRTPV+yp/A==}
    dev: true

  /uri-js-replace@1.0.1:
    resolution: {integrity: sha512-W+C9NWNLFOoBI2QWDp4UT9pv65r2w5Cx+3sTYFvtMdDBxkKt1syCqsUdSFAChbEe1uK5TfS04wt/nGwmaeIQ0g==}
    dev: true

  /w3c-keyname@2.2.8:
    resolution: {integrity: sha512-dpojBhNsCNN7T82Tm7k26A6G9ML3NkhDsnw9n/eoxSRlVBB4CEtIQ/KTCLI2Fwf3ataSXRhYFkQi3SlnFwPvPQ==}
    dev: true

  /webidl-conversions@3.0.1:
    resolution: {integrity: sha512-2JAn3z8AR6rjK8Sm8orRC0h/bcl/DqL7tRPdGZ4I1CjdF+EaMLmYxBHyXuKL849eucPFhvBoxMsflfOb8kxaeQ==}
    dev: true

  /whatwg-url@5.0.0:
    resolution: {integrity: sha512-saE57nupxk6v3HY35+jzBwYa0rKSy0XR8JSxZPwgLr7ys0IBzhGviA1/TUGJLmSVqs8pb9AnvICXEuOHLprYTw==}
    dependencies:
      tr46: 0.0.3
      webidl-conversions: 3.0.1
    dev: true

  /yaml-ast-parser@0.0.43:
    resolution: {integrity: sha512-2PTINUwsRqSd+s8XxKaJWQlUuEMHJQyEuh2edBbW8KNJz0SJPwUSD2zRWqezFEdN7IzAgeuYHFUCF7o8zRdZ0A==}
    dev: true

  /yargs-parser@21.1.1:
    resolution: {integrity: sha512-tVpsJW7DdjecAiFpbIB1e3qxIQsE6NoPc5/eTdrbbIC4h0LVsWhnoa3g+m2HclBIujHzsxZ4VJVA+GUuc2/LBw==}
    engines: {node: '>=12'}
    dev: true
